// !$*UTF8*$!
{
	archiveVersion = 1;
	classes = {
	};
	objectVersion = 50;
	objects = {

/* Begin PBXBuildFile section */
		CA5AA01D2276903200A2D3E6 /* AppDelegate.swift in Sources */ = {isa = PBXBuildFile; fileRef = CA5AA01C2276903200A2D3E6 /* AppDelegate.swift */; };
		CA5AA01F2276903200A2D3E6 /* MasterViewController.swift in Sources */ = {isa = PBXBuildFile; fileRef = CA5AA01E2276903200A2D3E6 /* MasterViewController.swift */; };
		CA5AA0212276903200A2D3E6 /* DetailViewController.swift in Sources */ = {isa = PBXBuildFile; fileRef = CA5AA0202276903200A2D3E6 /* DetailViewController.swift */; };
		CA5AA0242276903200A2D3E6 /* Main.storyboard in Resources */ = {isa = PBXBuildFile; fileRef = CA5AA0222276903200A2D3E6 /* Main.storyboard */; };
		CA5AA0262276903300A2D3E6 /* Assets.xcassets in Resources */ = {isa = PBXBuildFile; fileRef = CA5AA0252276903300A2D3E6 /* Assets.xcassets */; };
		CA5AA0292276903300A2D3E6 /* LaunchScreen.storyboard in Resources */ = {isa = PBXBuildFile; fileRef = CA5AA0272276903300A2D3E6 /* LaunchScreen.storyboard */; };
		CAF832C62276947400DAE878 /* MenuObjects.swift in Sources */ = {isa = PBXBuildFile; fileRef = CAF832C52276947400DAE878 /* MenuObjects.swift */; };
		CAF832CA2276BF4100DAE878 /* NewViewController.swift in Sources */ = {isa = PBXBuildFile; fileRef = CAF832C92276BF4100DAE878 /* NewViewController.swift */; };
/* End PBXBuildFile section */

/* Begin PBXFileReference section */
		CA5AA0192276903200A2D3E6 /* Food-Tracker.app */ = {isa = PBXFileReference; explicitFileType = wrapper.application; includeInIndex = 0; path = "Food-Tracker.app"; sourceTree = BUILT_PRODUCTS_DIR; };
		CA5AA01C2276903200A2D3E6 /* AppDelegate.swift */ = {isa = PBXFileReference; lastKnownFileType = sourcecode.swift; path = AppDelegate.swift; sourceTree = "<group>"; };
		CA5AA01E2276903200A2D3E6 /* MasterViewController.swift */ = {isa = PBXFileReference; lastKnownFileType = sourcecode.swift; path = MasterViewController.swift; sourceTree = "<group>"; };
		CA5AA0202276903200A2D3E6 /* DetailViewController.swift */ = {isa = PBXFileReference; lastKnownFileType = sourcecode.swift; path = DetailViewController.swift; sourceTree = "<group>"; };
		CA5AA0232276903200A2D3E6 /* Base */ = {isa = PBXFileReference; lastKnownFileType = file.storyboard; name = Base; path = Base.lproj/Main.storyboard; sourceTree = "<group>"; };
		CA5AA0252276903300A2D3E6 /* Assets.xcassets */ = {isa = PBXFileReference; lastKnownFileType = folder.assetcatalog; path = Assets.xcassets; sourceTree = "<group>"; };
		CA5AA0282276903300A2D3E6 /* Base */ = {isa = PBXFileReference; lastKnownFileType = file.storyboard; name = Base; path = Base.lproj/LaunchScreen.storyboard; sourceTree = "<group>"; };
		CA5AA02A2276903300A2D3E6 /* Info.plist */ = {isa = PBXFileReference; lastKnownFileType = text.plist.xml; path = Info.plist; sourceTree = "<group>"; };
		CAF832C52276947400DAE878 /* MenuObjects.swift */ = {isa = PBXFileReference; lastKnownFileType = sourcecode.swift; path = MenuObjects.swift; sourceTree = "<group>"; };
		CAF832C92276BF4100DAE878 /* NewViewController.swift */ = {isa = PBXFileReference; lastKnownFileType = sourcecode.swift; path = NewViewController.swift; sourceTree = "<group>"; };
/* End PBXFileReference section */

/* Begin PBXFrameworksBuildPhase section */
		CA5AA0162276903200A2D3E6 /* Frameworks */ = {
			isa = PBXFrameworksBuildPhase;
			buildActionMask = 2147483647;
			files = (
			);
			runOnlyForDeploymentPostprocessing = 0;
		};
/* End PBXFrameworksBuildPhase section */

/* Begin PBXGroup section */
		CA5AA0102276903200A2D3E6 = {
			isa = PBXGroup;
			children = (
				CA5AA01B2276903200A2D3E6 /* Food-Tracker */,
				CA5AA01A2276903200A2D3E6 /* Products */,
			);
			sourceTree = "<group>";
		};
		CA5AA01A2276903200A2D3E6 /* Products */ = {
			isa = PBXGroup;
			children = (
				CA5AA0192276903200A2D3E6 /* Food-Tracker.app */,
			);
			name = Products;
			sourceTree = "<group>";
		};
		CA5AA01B2276903200A2D3E6 /* Food-Tracker */ = {
			isa = PBXGroup;
			children = (
				CA5AA01C2276903200A2D3E6 /* AppDelegate.swift */,
				CA5AA01E2276903200A2D3E6 /* MasterViewController.swift */,
				CAF832C52276947400DAE878 /* MenuObjects.swift */,
				CA5AA0202276903200A2D3E6 /* DetailViewController.swift */,
				CAF832C92276BF4100DAE878 /* NewViewController.swift */,
				CA5AA0222276903200A2D3E6 /* Main.storyboard */,
				CA5AA0252276903300A2D3E6 /* Assets.xcassets */,
				CA5AA0272276903300A2D3E6 /* LaunchScreen.storyboard */,
				CA5AA02A2276903300A2D3E6 /* Info.plist */,
			);
			path = "Food-Tracker";
			sourceTree = "<group>";
		};
/* End PBXGroup section */

/* Begin PBXNativeTarget section */
		CA5AA0182276903200A2D3E6 /* Food-Tracker */ = {
			isa = PBXNativeTarget;
			buildConfigurationList = CA5AA02D2276903300A2D3E6 /* Build configuration list for PBXNativeTarget "Food-Tracker" */;
			buildPhases = (
				CA5AA0152276903200A2D3E6 /* Sources */,
				CA5AA0162276903200A2D3E6 /* Frameworks */,
				CA5AA0172276903200A2D3E6 /* Resources */,
			);
			buildRules = (
			);
			dependencies = (
			);
			name = "Food-Tracker";
			productName = "Food-Tracker";
			productReference = CA5AA0192276903200A2D3E6 /* Food-Tracker.app */;
			productType = "com.apple.product-type.application";
		};
/* End PBXNativeTarget section */

/* Begin PBXProject section */
		CA5AA0112276903200A2D3E6 /* Project object */ = {
			isa = PBXProject;
			attributes = {
				LastSwiftUpdateCheck = 1020;
				LastUpgradeCheck = 1020;
				ORGANIZATIONNAME = "Brandon Liang";
				TargetAttributes = {
					CA5AA0182276903200A2D3E6 = {
						CreatedOnToolsVersion = 10.2;
					};
				};
			};
			buildConfigurationList = CA5AA0142276903200A2D3E6 /* Build configuration list for PBXProject "Food-Tracker" */;
			compatibilityVersion = "Xcode 9.3";
			developmentRegion = en;
			hasScannedForEncodings = 0;
			knownRegions = (
				en,
				Base,
			);
			mainGroup = CA5AA0102276903200A2D3E6;
			productRefGroup = CA5AA01A2276903200A2D3E6 /* Products */;
			projectDirPath = "";
			projectRoot = "";
			targets = (
				CA5AA0182276903200A2D3E6 /* Food-Tracker */,
			);
		};
/* End PBXProject section */

/* Begin PBXResourcesBuildPhase section */
		CA5AA0172276903200A2D3E6 /* Resources */ = {
			isa = PBXResourcesBuildPhase;
			buildActionMask = 2147483647;
			files = (
				CA5AA0292276903300A2D3E6 /* LaunchScreen.storyboard in Resources */,
				CA5AA0262276903300A2D3E6 /* Assets.xcassets in Resources */,
				CA5AA0242276903200A2D3E6 /* Main.storyboard in Resources */,
			);
			runOnlyForDeploymentPostprocessing = 0;
		};
/* End PBXResourcesBuildPhase section */

/* Begin PBXSourcesBuildPhase section */
		CA5AA0152276903200A2D3E6 /* Sources */ = {
			isa = PBXSourcesBuildPhase;
			buildActionMask = 2147483647;
			files = (
				CA5AA0212276903200A2D3E6 /* DetailViewController.swift in Sources */,
				CA5AA01F2276903200A2D3E6 /* MasterViewController.swift in Sources */,
				CAF832CA2276BF4100DAE878 /* NewViewController.swift in Sources */,
				CA5AA01D2276903200A2D3E6 /* AppDelegate.swift in Sources */,
				CAF832C62276947400DAE878 /* MenuObjects.swift in Sources */,
			);
			runOnlyForDeploymentPostprocessing = 0;
		};
/* End PBXSourcesBuildPhase section */

/* Begin PBXVariantGroup section */
		CA5AA0222276903200A2D3E6 /* Main.storyboard */ = {
			isa = PBXVariantGroup;
			children = (
				CA5AA0232276903200A2D3E6 /* Base */,
			);
			name = Main.storyboard;
			sourceTree = "<group>";
		};
		CA5AA0272276903300A2D3E6 /* LaunchScreen.storyboard */ = {
			isa = PBXVariantGroup;
			children = (
				CA5AA0282276903300A2D3E6 /* Base */,
			);
			name = LaunchScreen.storyboard;
			sourceTree = "<group>";
		};
/* End PBXVariantGroup section */

/* Begin XCBuildConfiguration section */
		CA5AA02B2276903300A2D3E6 /* Debug */ = {
			isa = XCBuildConfiguration;
			buildSettings = {
				ALWAYS_SEARCH_USER_PATHS = NO;
				CLANG_ANALYZER_NONNULL = YES;
				CLANG_ANALYZER_NUMBER_OBJECT_CONVERSION = YES_AGGRESSIVE;
				CLANG_CXX_LANGUAGE_STANDARD = "gnu++14";
				CLANG_CXX_LIBRARY = "libc++";
				CLANG_ENABLE_MODULES = YES;
				CLANG_ENABLE_OBJC_ARC = YES;
				CLANG_ENABLE_OBJC_WEAK = YES;
				CLANG_WARN_BLOCK_CAPTURE_AUTORELEASING = YES;
				CLANG_WARN_BOOL_CONVERSION = YES;
				CLANG_WARN_COMMA = YES;
				CLANG_WARN_CONSTANT_CONVERSION = YES;
				CLANG_WARN_DEPRECATED_OBJC_IMPLEMENTATIONS = YES;
				CLANG_WARN_DIRECT_OBJC_ISA_USAGE = YES_ERROR;
				CLANG_WARN_DOCUMENTATION_COMMENTS = YES;
				CLANG_WARN_EMPTY_BODY = YES;
				CLANG_WARN_ENUM_CONVERSION = YES;
				CLANG_WARN_INFINITE_RECURSION = YES;
				CLANG_WARN_INT_CONVERSION = YES;
				CLANG_WARN_NON_LITERAL_NULL_CONVERSION = YES;
				CLANG_WARN_OBJC_IMPLICIT_RETAIN_SELF = YES;
				CLANG_WARN_OBJC_LITERAL_CONVERSION = YES;
				CLANG_WARN_OBJC_ROOT_CLASS = YES_ERROR;
				CLANG_WARN_RANGE_LOOP_ANALYSIS = YES;
				CLANG_WARN_STRICT_PROTOTYPES = YES;
				CLANG_WARN_SUSPICIOUS_MOVE = YES;
				CLANG_WARN_UNGUARDED_AVAILABILITY = YES_AGGRESSIVE;
				CLANG_WARN_UNREACHABLE_CODE = YES;
				CLANG_WARN__DUPLICATE_METHOD_MATCH = YES;
				CODE_SIGN_IDENTITY = "iPhone Developer";
				COPY_PHASE_STRIP = NO;
				DEBUG_INFORMATION_FORMAT = dwarf;
				ENABLE_STRICT_OBJC_MSGSEND = YES;
				ENABLE_TESTABILITY = YES;
				GCC_C_LANGUAGE_STANDARD = gnu11;
				GCC_DYNAMIC_NO_PIC = NO;
				GCC_NO_COMMON_BLOCKS = YES;
				GCC_OPTIMIZATION_LEVEL = 0;
				GCC_PREPROCESSOR_DEFINITIONS = (
					"DEBUG=1",
					"$(inherited)",
				);
				GCC_WARN_64_TO_32_BIT_CONVERSION = YES;
				GCC_WARN_ABOUT_RETURN_TYPE = YES_ERROR;
				GCC_WARN_UNDECLARED_SELECTOR = YES;
				GCC_WARN_UNINITIALIZED_AUTOS = YES_AGGRESSIVE;
				GCC_WARN_UNUSED_FUNCTION = YES;
				GCC_WARN_UNUSED_VARIABLE = YES;
				IPHONEOS_DEPLOYMENT_TARGET = 12.2;
				MTL_ENABLE_DEBUG_INFO = INCLUDE_SOURCE;
				MTL_FAST_MATH = YES;
				ONLY_ACTIVE_ARCH = YES;
				SDKROOT = iphoneos;
				SWIFT_ACTIVE_COMPILATION_CONDITIONS = DEBUG;
				SWIFT_OPTIMIZATION_LEVEL = "-Onone";
			};
			name = Debug;
		};
		CA5AA02C2276903300A2D3E6 /* Release */ = {
			isa = XCBuildConfiguration;
			buildSettings = {
				ALWAYS_SEARCH_USER_PATHS = NO;
				CLANG_ANALYZER_NONNULL = YES;
				CLANG_ANALYZER_NUMBER_OBJECT_CONVERSION = YES_AGGRESSIVE;
				CLANG_CXX_LANGUAGE_STANDARD = "gnu++14";
				CLANG_CXX_LIBRARY = "libc++";
				CLANG_ENABLE_MODULES = YES;
				CLANG_ENABLE_OBJC_ARC = YES;
				CLANG_ENABLE_OBJC_WEAK = YES;
				CLANG_WARN_BLOCK_CAPTURE_AUTORELEASING = YES;
				CLANG_WARN_BOOL_CONVERSION = YES;
				CLANG_WARN_COMMA = YES;
				CLANG_WARN_CONSTANT_CONVERSION = YES;
				CLANG_WARN_DEPRECATED_OBJC_IMPLEMENTATIONS = YES;
				CLANG_WARN_DIRECT_OBJC_ISA_USAGE = YES_ERROR;
				CLANG_WARN_DOCUMENTATION_COMMENTS = YES;
				CLANG_WARN_EMPTY_BODY = YES;
				CLANG_WARN_ENUM_CONVERSION = YES;
				CLANG_WARN_INFINITE_RECURSION = YES;
				CLANG_WARN_INT_CONVERSION = YES;
				CLANG_WARN_NON_LITERAL_NULL_CONVERSION = YES;
				CLANG_WARN_OBJC_IMPLICIT_RETAIN_SELF = YES;
				CLANG_WARN_OBJC_LITERAL_CONVERSION = YES;
				CLANG_WARN_OBJC_ROOT_CLASS = YES_ERROR;
				CLANG_WARN_RANGE_LOOP_ANALYSIS = YES;
				CLANG_WARN_STRICT_PROTOTYPES = YES;
				CLANG_WARN_SUSPICIOUS_MOVE = YES;
				CLANG_WARN_UNGUARDED_AVAILABILITY = YES_AGGRESSIVE;
				CLANG_WARN_UNREACHABLE_CODE = YES;
				CLANG_WARN__DUPLICATE_METHOD_MATCH = YES;
				CODE_SIGN_IDENTITY = "iPhone Developer";
				COPY_PHASE_STRIP = NO;
				DEBUG_INFORMATION_FORMAT = "dwarf-with-dsym";
				ENABLE_NS_ASSERTIONS = NO;
				ENABLE_STRICT_OBJC_MSGSEND = YES;
				GCC_C_LANGUAGE_STANDARD = gnu11;
				GCC_NO_COMMON_BLOCKS = YES;
				GCC_WARN_64_TO_32_BIT_CONVERSION = YES;
				GCC_WARN_ABOUT_RETURN_TYPE = YES_ERROR;
				GCC_WARN_UNDECLARED_SELECTOR = YES;
				GCC_WARN_UNINITIALIZED_AUTOS = YES_AGGRESSIVE;
				GCC_WARN_UNUSED_FUNCTION = YES;
				GCC_WARN_UNUSED_VARIABLE = YES;
				IPHONEOS_DEPLOYMENT_TARGET = 12.2;
				MTL_ENABLE_DEBUG_INFO = NO;
				MTL_FAST_MATH = YES;
				SDKROOT = iphoneos;
				SWIFT_COMPILATION_MODE = wholemodule;
				SWIFT_OPTIMIZATION_LEVEL = "-O";
				VALIDATE_PRODUCT = YES;
			};
			name = Release;
		};
		CA5AA02E2276903300A2D3E6 /* Debug */ = {
			isa = XCBuildConfiguration;
			buildSettings = {
				ASSETCATALOG_COMPILER_APPICON_NAME = AppIcon;
				CODE_SIGN_STYLE = Automatic;
				INFOPLIST_FILE = "Food-Tracker/Info.plist";
				LD_RUNPATH_SEARCH_PATHS = (
					"$(inherited)",
					"@executable_path/Frameworks",
				);
				PRODUCT_BUNDLE_IDENTIFIER = "com.bliang.Food-Tracker";
				PRODUCT_NAME = "$(TARGET_NAME)";
				SWIFT_VERSION = 5.0;
				TARGETED_DEVICE_FAMILY = "1,2";
			};
			name = Debug;
		};
		CA5AA02F2276903300A2D3E6 /* Release */ = {
			isa = XCBuildConfiguration;
			buildSettings = {
				ASSETCATALOG_COMPILER_APPICON_NAME = AppIcon;
				CODE_SIGN_STYLE = Automatic;
				INFOPLIST_FILE = "Food-Tracker/Info.plist";
				LD_RUNPATH_SEARCH_PATHS = (
					"$(inherited)",
					"@executable_path/Frameworks",
				);
				PRODUCT_BUNDLE_IDENTIFIER = "com.bliang.Food-Tracker";
				PRODUCT_NAME = "$(TARGET_NAME)";
				SWIFT_VERSION = 5.0;
				TARGETED_DEVICE_FAMILY = "1,2";
			};
			name = Release;
		};
/* End XCBuildConfiguration section */

/* Begin XCConfigurationList section */
		CA5AA0142276903200A2D3E6 /* Build configuration list for PBXProject "Food-Tracker" */ = {
			isa = XCConfigurationList;
			buildConfigurations = (
				CA5AA02B2276903300A2D3E6 /* Debug */,
				CA5AA02C2276903300A2D3E6 /* Release */,
			);
			defaultConfigurationIsVisible = 0;
			defaultConfigurationName = Release;
		};
		CA5AA02D2276903300A2D3E6 /* Build configuration list for PBXNativeTarget "Food-Tracker" */ = {
			isa = XCConfigurationList;
			buildConfigurations = (
				CA5AA02E2276903300A2D3E6 /* Debug */,
				CA5AA02F2276903300A2D3E6 /* Release */,
			);
			defaultConfigurationIsVisible = 0;
			defaultConfigurationName = Release;
		};
/* End XCConfigurationList section */
	};
	rootObject = CA5AA0112276903200A2D3E6 /* Project object */;
}
